Microsoft Visual Studio Solution File, Format Version 12.00
# Visual Studio Version 17
VisualStudioVersion = 17.0.31903.59
MinimumVisualStudioVersion = 10.0.40219.1
Project("{FAE04EC0-301F-11D3-BF4B-00C04F79EFBC}") = "GRA.PrintBridge.Poc", "GRA.PrintBridge.Poc\GRA.PrintBridge.Poc.csproj", "{FD90B745-8877-408D-A410-66B452A327F1}"
EndProject
Project("{FAE04EC0-301F-11D3-BF4B-00C04F79EFBC}") = "GRA.PrintBridge.Poc.Tests", "GRA.PrintBridge.Poc.Tests\GRA.PrintBridge.Poc.Tests.csproj", "{C5A2EE6A-EE52-44CE-968A-DC0CD59BF041}"
EndProject
Global
	GlobalSection(SolutionConfigurationPlatforms) = preSolution
		Debug|Any CPU = Debug|Any CPU
		Release|Any CPU = Release|Any CPU
	EndGlobalSection
	GlobalSection(ProjectConfigurationPlatforms) = postSolution
		{FD90B745-8877-408D-A410-66B452A327F1}.Debug|Any CPU.ActiveCfg = Debug|Any CPU
		{FD90B745-8877-408D-A410-66B452A327F1}.Debug|Any CPU.Build.0 = Debug|Any CPU
		{FD90B745-8877-408D-A410-66B452A327F1}.Release|Any CPU.ActiveCfg = Release|Any CPU
		{FD90B745-8877-408D-A410-66B452A327F1}.Release|Any CPU.Build.0 = Release|Any CPU
		{C5A2EE6A-EE52-44CE-968A-DC0CD59BF041}.Debug|Any CPU.ActiveCfg = Debug|Any CPU
		{C5A2EE6A-EE52-44CE-968A-DC0CD59BF041}.Debug|Any CPU.Build.0 = Debug|Any CPU
		{C5A2EE6A-EE52-44CE-968A-DC0CD59BF041}.Release|Any CPU.ActiveCfg = Release|Any CPU
		{C5A2EE6A-EE52-44CE-968A-DC0CD59BF041}.Release|Any CPU.Build.0 = Release|Any CPU
	EndGlobalSection
EndGlobal
